// !$*UTF8*$!
{
	archiveVersion = 1;
	classes = {
	};
	objectVersion = 46;
	objects = {

/* Begin PBXBuildFile section */
		2D867593B8873E205003DE24 /* Pods_WeatherAppC4Q.framework in Frameworks */ = {isa = PBXBuildFile; fileRef = DA06DC1C5C18B2141A47E2D5 /* Pods_WeatherAppC4Q.framework */; };
		9979E9881E21740A00D85EA5 /* AppDelegate.swift in Sources */ = {isa = PBXBuildFile; fileRef = 9979E9871E21740A00D85EA5 /* AppDelegate.swift */; };
		9979E98A1E21740A00D85EA5 /* ViewController.swift in Sources */ = {isa = PBXBuildFile; fileRef = 9979E9891E21740A00D85EA5 /* ViewController.swift */; };
		9979E98D1E21740A00D85EA5 /* Main.storyboard in Resources */ = {isa = PBXBuildFile; fileRef = 9979E98B1E21740A00D85EA5 /* Main.storyboard */; };
		9979E98F1E21740A00D85EA5 /* Assets.xcassets in Resources */ = {isa = PBXBuildFile; fileRef = 9979E98E1E21740A00D85EA5 /* Assets.xcassets */; };
		9979E9921E21740A00D85EA5 /* LaunchScreen.storyboard in Resources */ = {isa = PBXBuildFile; fileRef = 9979E9901E21740A00D85EA5 /* LaunchScreen.storyboard */; };
		9979E99A1E217DDD00D85EA5 /* WeatherData.swift in Sources */ = {isa = PBXBuildFile; fileRef = 9979E9991E217DDD00D85EA5 /* WeatherData.swift */; };
		9979E99C1E21803E00D85EA5 /* CONSTANTS.swift in Sources */ = {isa = PBXBuildFile; fileRef = 9979E99B1E21803E00D85EA5 /* CONSTANTS.swift */; };
		9979E99E1E2199A700D85EA5 /* WeatherDataCell.swift in Sources */ = {isa = PBXBuildFile; fileRef = 9979E99D1E2199A700D85EA5 /* WeatherDataCell.swift */; };
/* End PBXBuildFile section */

/* Begin PBXFileReference section */
		7BDB2C6BACA9BB06BB6E3E48 /* Pods-WeatherAppC4Q.release.xcconfig */ = {isa = PBXFileReference; includeInIndex = 1; lastKnownFileType = text.xcconfig; name = "Pods-WeatherAppC4Q.release.xcconfig"; path = "Pods/Target Support Files/Pods-WeatherAppC4Q/Pods-WeatherAppC4Q.release.xcconfig"; sourceTree = "<group>"; };
		9979E9841E21740A00D85EA5 /* WeatherAppC4Q.app */ = {isa = PBXFileReference; explicitFileType = wrapper.application; includeInIndex = 0; path = WeatherAppC4Q.app; sourceTree = BUILT_PRODUCTS_DIR; };
		9979E9871E21740A00D85EA5 /* AppDelegate.swift */ = {isa = PBXFileReference; lastKnownFileType = sourcecode.swift; path = AppDelegate.swift; sourceTree = "<group>"; };
		9979E9891E21740A00D85EA5 /* ViewController.swift */ = {isa = PBXFileReference; lastKnownFileType = sourcecode.swift; path = ViewController.swift; sourceTree = "<group>"; };
		9979E98C1E21740A00D85EA5 /* Base */ = {isa = PBXFileReference; lastKnownFileType = file.storyboard; name = Base; path = Base.lproj/Main.storyboard; sourceTree = "<group>"; };
		9979E98E1E21740A00D85EA5 /* Assets.xcassets */ = {isa = PBXFileReference; lastKnownFileType = folder.assetcatalog; path = Assets.xcassets; sourceTree = "<group>"; };
		9979E9911E21740A00D85EA5 /* Base */ = {isa = PBXFileReference; lastKnownFileType = file.storyboard; name = Base; path = Base.lproj/LaunchScreen.storyboard; sourceTree = "<group>"; };
		9979E9931E21740A00D85EA5 /* Info.plist */ = {isa = PBXFileReference; lastKnownFileType = text.plist.xml; path = Info.plist; sourceTree = "<group>"; };
		9979E9991E217DDD00D85EA5 /* WeatherData.swift */ = {isa = PBXFileReference; fileEncoding = 4; lastKnownFileType = sourcecode.swift; path = WeatherData.swift; sourceTree = "<group>"; };
		9979E99B1E21803E00D85EA5 /* CONSTANTS.swift */ = {isa = PBXFileReference; fileEncoding = 4; lastKnownFileType = sourcecode.swift; path = CONSTANTS.swift; sourceTree = "<group>"; };
		9979E99D1E2199A700D85EA5 /* WeatherDataCell.swift */ = {isa = PBXFileReference; fileEncoding = 4; lastKnownFileType = sourcecode.swift; path = WeatherDataCell.swift; sourceTree = "<group>"; };
		DA06DC1C5C18B2141A47E2D5 /* Pods_WeatherAppC4Q.framework */ = {isa = PBXFileReference; explicitFileType = wrapper.framework; includeInIndex = 0; path = Pods_WeatherAppC4Q.framework; sourceTree = BUILT_PRODUCTS_DIR; };
		FB4D838917F4683CEA54F483 /* Pods-WeatherAppC4Q.debug.xcconfig */ = {isa = PBXFileReference; includeInIndex = 1; lastKnownFileType = text.xcconfig; name = "Pods-WeatherAppC4Q.debug.xcconfig"; path = "Pods/Target Support Files/Pods-WeatherAppC4Q/Pods-WeatherAppC4Q.debug.xcconfig"; sourceTree = "<group>"; };
/* End PBXFileReference section */

/* Begin PBXFrameworksBuildPhase section */
		9979E9811E21740A00D85EA5 /* Frameworks */ = {
			isa = PBXFrameworksBuildPhase;
			buildActionMask = 2147483647;
			files = (
				2D867593B8873E205003DE24 /* Pods_WeatherAppC4Q.framework in Frameworks */,
			);
			runOnlyForDeploymentPostprocessing = 0;
		};
/* End PBXFrameworksBuildPhase section */

/* Begin PBXGroup section */
		9979E97B1E21740A00D85EA5 = {
			isa = PBXGroup;
			children = (
				9979E9861E21740A00D85EA5 /* WeatherAppC4Q */,
				9979E9851E21740A00D85EA5 /* Products */,
				FED5DF184795C820A642CE1C /* Pods */,
				EA52F2D80758CAF83924B0B9 /* Frameworks */,
			);
			sourceTree = "<group>";
		};
		9979E9851E21740A00D85EA5 /* Products */ = {
			isa = PBXGroup;
			children = (
				9979E9841E21740A00D85EA5 /* WeatherAppC4Q.app */,
			);
			name = Products;
			sourceTree = "<group>";
		};
		9979E9861E21740A00D85EA5 /* WeatherAppC4Q */ = {
			isa = PBXGroup;
			children = (
				9979E9871E21740A00D85EA5 /* AppDelegate.swift */,
				9979E9891E21740A00D85EA5 /* ViewController.swift */,
				9979E99B1E21803E00D85EA5 /* CONSTANTS.swift */,
				9979E99D1E2199A700D85EA5 /* WeatherDataCell.swift */,
				9979E9991E217DDD00D85EA5 /* WeatherData.swift */,
				9979E98B1E21740A00D85EA5 /* Main.storyboard */,
				9979E98E1E21740A00D85EA5 /* Assets.xcassets */,
				9979E9901E21740A00D85EA5 /* LaunchScreen.storyboard */,
				9979E9931E21740A00D85EA5 /* Info.plist */,
			);
			path = WeatherAppC4Q;
			sourceTree = "<group>";
		};
		EA52F2D80758CAF83924B0B9 /* Frameworks */ = {
			isa = PBXGroup;
			children = (
				DA06DC1C5C18B2141A47E2D5 /* Pods_WeatherAppC4Q.framework */,
			);
			name = Frameworks;
			sourceTree = "<group>";
		};
		FED5DF184795C820A642CE1C /* Pods */ = {
			isa = PBXGroup;
			children = (
				FB4D838917F4683CEA54F483 /* Pods-WeatherAppC4Q.debug.xcconfig */,
				7BDB2C6BACA9BB06BB6E3E48 /* Pods-WeatherAppC4Q.release.xcconfig */,
			);
			name = Pods;
			sourceTree = "<group>";
		};
/* End PBXGroup section */

/* Begin PBXNativeTarget section */
		9979E9831E21740A00D85EA5 /* WeatherAppC4Q */ = {
			isa = PBXNativeTarget;
			buildConfigurationList = 9979E9961E21740A00D85EA5 /* Build configuration list for PBXNativeTarget "WeatherAppC4Q" */;
			buildPhases = (
				55DA3B997037646D3CA775B7 /* [CP] Check Pods Manifest.lock */,
				9979E9801E21740A00D85EA5 /* Sources */,
				9979E9811E21740A00D85EA5 /* Frameworks */,
				9979E9821E21740A00D85EA5 /* Resources */,
				053E5FBE454EC2E7BC92EF8B /* [CP] Embed Pods Frameworks */,
				3B8B54A30B2AC23F965ED437 /* [CP] Copy Pods Resources */,
			);
			buildRules = (
			);
			dependencies = (
			);
			name = WeatherAppC4Q;
			productName = WeatherAppC4Q;
			productReference = 9979E9841E21740A00D85EA5 /* WeatherAppC4Q.app */;
			productType = "com.apple.product-type.application";
		};
/* End PBXNativeTarget section */

/* Begin PBXProject section */
		9979E97C1E21740A00D85EA5 /* Project object */ = {
			isa = PBXProject;
			attributes = {
				LastSwiftUpdateCheck = 0820;
				LastUpgradeCheck = 0820;
				ORGANIZATIONNAME = appavenge;
				TargetAttributes = {
					9979E9831E21740A00D85EA5 = {
						CreatedOnToolsVersion = 8.2.1;
						DevelopmentTeam = PMK4MEPD4S;
						ProvisioningStyle = Automatic;
					};
				};
			};
			buildConfigurationList = 9979E97F1E21740A00D85EA5 /* Build configuration list for PBXProject "WeatherAppC4Q" */;
			compatibilityVersion = "Xcode 3.2";
			developmentRegion = English;
			hasScannedForEncodings = 0;
			knownRegions = (
				en,
				Base,
			);
			mainGroup = 9979E97B1E21740A00D85EA5;
			productRefGroup = 9979E9851E21740A00D85EA5 /* Products */;
			projectDirPath = "";
			projectRoot = "";
			targets = (
				9979E9831E21740A00D85EA5 /* WeatherAppC4Q */,
			);
		};
/* End PBXProject section */

/* Begin PBXResourcesBuildPhase section */
		9979E9821E21740A00D85EA5 /* Resources */ = {
			isa = PBXResourcesBuildPhase;
			buildActionMask = 2147483647;
			files = (
				9979E9921E21740A00D85EA5 /* LaunchScreen.storyboard in Resources */,
				9979E98F1E21740A00D85EA5 /* Assets.xcassets in Resources */,
				9979E98D1E21740A00D85EA5 /* Main.storyboard in Resources */,
			);
			runOnlyForDeploymentPostprocessing = 0;
		};
/* End PBXResourcesBuildPhase section */

/* Begin PBXShellScriptBuildPhase section */
		053E5FBE454EC2E7BC92EF8B /* [CP] Embed Pods Frameworks */ = {
			isa = PBXShellScriptBuildPhase;
			buildActionMask = 2147483647;
			files = (
			);
			inputPaths = (
			);
			name = "[CP] Embed Pods Frameworks";
			outputPaths = (
			);
			runOnlyForDeploymentPostprocessing = 0;
			shellPath = /bin/sh;
			shellScript = "\"${SRCROOT}/Pods/Target Support Files/Pods-WeatherAppC4Q/Pods-WeatherAppC4Q-frameworks.sh\"\n";
			showEnvVarsInLog = 0;
		};
		3B8B54A30B2AC23F965ED437 /* [CP] Copy Pods Resources */ = {
			isa = PBXShellScriptBuildPhase;
			buildActionMask = 2147483647;
			files = (
			);
			inputPaths = (
			);
			name = "[CP] Copy Pods Resources";
			outputPaths = (
			);
			runOnlyForDeploymentPostprocessing = 0;
			shellPath = /bin/sh;
			shellScript = "\"${SRCROOT}/Pods/Target Support Files/Pods-WeatherAppC4Q/Pods-WeatherAppC4Q-resources.sh\"\n";
			showEnvVarsInLog = 0;
		};
		55DA3B997037646D3CA775B7 /* [CP] Check Pods Manifest.lock */ = {
			isa = PBXShellScriptBuildPhase;
			buildActionMask = 2147483647;
			files = (
			);
			inputPaths = (
			);
			name = "[CP] Check Pods Manifest.lock";
			outputPaths = (
			);
			runOnlyForDeploymentPostprocessing = 0;
			shellPath = /bin/sh;
			shellScript = "diff \"${PODS_ROOT}/../Podfile.lock\" \"${PODS_ROOT}/Manifest.lock\" > /dev/null\nif [ $? != 0 ] ; then\n    # print error to STDERR\n    echo \"error: The sandbox is not in sync with the Podfile.lock. Run 'pod install' or update your CocoaPods installation.\" >&2\n    exit 1\nfi\n";
			showEnvVarsInLog = 0;
		};
/* End PBXShellScriptBuildPhase section */

/* Begin PBXSourcesBuildPhase section */
		9979E9801E21740A00D85EA5 /* Sources */ = {
			isa = PBXSourcesBuildPhase;
			buildActionMask = 2147483647;
			files = (
				9979E98A1E21740A00D85EA5 /* ViewController.swift in Sources */,
				9979E99A1E217DDD00D85EA5 /* WeatherData.swift in Sources */,
				9979E99E1E2199A700D85EA5 /* WeatherDataCell.swift in Sources */,
				9979E99C1E21803E00D85EA5 /* CONSTANTS.swift in Sources */,
				9979E9881E21740A00D85EA5 /* AppDelegate.swift in Sources */,
			);
			runOnlyForDeploymentPostprocessing = 0;
		};
/* End PBXSourcesBuildPhase section */

/* Begin PBXVariantGroup section */
		9979E98B1E21740A00D85EA5 /* Main.storyboard */ = {
			isa = PBXVariantGroup;
			children = (
				9979E98C1E21740A00D85EA5 /* Base */,
			);
			name = Main.storyboard;
			sourceTree = "<group>";
		};
		9979E9901E21740A00D85EA5 /* LaunchScreen.storyboard */ = {
			isa = PBXVariantGroup;
			children = (
				9979E9911E21740A00D85EA5 /* Base */,
			);
			name = LaunchScreen.storyboard;
			sourceTree = "<group>";
		};
/* End PBXVariantGroup section */

/* Begin XCBuildConfiguration section */
		9979E9941E21740A00D85EA5 /* Debug */ = {
			isa = XCBuildConfiguration;
			buildSettings = {
				ALWAYS_SEARCH_USER_PATHS = NO;
				CLANG_ANALYZER_NONNULL = YES;
				CLANG_CXX_LANGUAGE_STANDARD = "gnu++0x";
				CLANG_CXX_LIBRARY = "libc++";
				CLANG_ENABLE_MODULES = YES;
				CLANG_ENABLE_OBJC_ARC = YES;
				CLANG_WARN_BOOL_CONVERSION = YES;
				CLANG_WARN_CONSTANT_CONVERSION = YES;
				CLANG_WARN_DIRECT_OBJC_ISA_USAGE = YES_ERROR;
				CLANG_WARN_DOCUMENTATION_COMMENTS = YES;
				CLANG_WARN_EMPTY_BODY = YES;
				CLANG_WARN_ENUM_CONVERSION = YES;
				CLANG_WARN_INFINITE_RECURSION = YES;
				CLANG_WARN_INT_CONVERSION = YES;
				CLANG_WARN_OBJC_ROOT_CLASS = YES_ERROR;
				CLANG_WARN_SUSPICIOUS_MOVE = YES;
				CLANG_WARN_UNREACHABLE_CODE = YES;
				CLANG_WARN__DUPLICATE_METHOD_MATCH = YES;
				"CODE_SIGN_IDENTITY[sdk=iphoneos*]" = "iPhone Developer";
				COPY_PHASE_STRIP = NO;
				DEBUG_INFORMATION_FORMAT = dwarf;
				ENABLE_STRICT_OBJC_MSGSEND = YES;
				ENABLE_TESTABILITY = YES;
				GCC_C_LANGUAGE_STANDARD = gnu99;
				GCC_DYNAMIC_NO_PIC = NO;
				GCC_NO_COMMON_BLOCKS = YES;
				GCC_OPTIMIZATION_LEVEL = 0;
				GCC_PREPROCESSOR_DEFINITIONS = (
					"DEBUG=1",
					"$(inherited)",
				);
				GCC_WARN_64_TO_32_BIT_CONVERSION = YES;
				GCC_WARN_ABOUT_RETURN_TYPE = YES_ERROR;
				GCC_WARN_UNDECLARED_SELECTOR = YES;
				GCC_WARN_UNINITIALIZED_AUTOS = YES_AGGRESSIVE;
				GCC_WARN_UNUSED_FUNCTION = YES;
				GCC_WARN_UNUSED_VARIABLE = YES;
				IPHONEOS_DEPLOYMENT_TARGET = 10.2;
				MTL_ENABLE_DEBUG_INFO = YES;
				ONLY_ACTIVE_ARCH = YES;
				SDKROOT = iphoneos;
				SWIFT_ACTIVE_COMPILATION_CONDITIONS = DEBUG;
				SWIFT_OPTIMIZATION_LEVEL = "-Onone";
			};
			name = Debug;
		};
		9979E9951E21740A00D85EA5 /* Release */ = {
			isa = XCBuildConfiguration;
			buildSettings = {
				ALWAYS_SEARCH_USER_PATHS = NO;
				CLANG_ANALYZER_NONNULL = YES;
				CLANG_CXX_LANGUAGE_STANDARD = "gnu++0x";
				CLANG_CXX_LIBRARY = "libc++";
				CLANG_ENABLE_MODULES = YES;
				CLANG_ENABLE_OBJC_ARC = YES;
				CLANG_WARN_BOOL_CONVERSION = YES;
				CLANG_WARN_CONSTANT_CONVERSION = YES;
				CLANG_WARN_DIRECT_OBJC_ISA_USAGE = YES_ERROR;
				CLANG_WARN_DOCUMENTATION_COMMENTS = YES;
				CLANG_WARN_EMPTY_BODY = YES;
				CLANG_WARN_ENUM_CONVERSION = YES;
				CLANG_WARN_INFINITE_RECURSION = YES;
				CLANG_WARN_INT_CONVERSION = YES;
				CLANG_WARN_OBJC_ROOT_CLASS = YES_ERROR;
				CLANG_WARN_SUSPICIOUS_MOVE = YES;
				CLANG_WARN_UNREACHABLE_CODE = YES;
				CLANG_WARN__DUPLICATE_METHOD_MATCH = YES;
				"CODE_SIGN_IDENTITY[sdk=iphoneos*]" = "iPhone Developer";
				COPY_PHASE_STRIP = NO;
				DEBUG_INFORMATION_FORMAT = "dwarf-with-dsym";
				ENABLE_NS_ASSERTIONS = NO;
				ENABLE_STRICT_OBJC_MSGSEND = YES;
				GCC_C_LANGUAGE_STANDARD = gnu99;
				GCC_NO_COMMON_BLOCKS = YES;
				GCC_WARN_64_TO_32_BIT_CONVERSION = YES;
				GCC_WARN_ABOUT_RETURN_TYPE = YES_ERROR;
				GCC_WARN_UNDECLARED_SELECTOR = YES;
				GCC_WARN_UNINITIALIZED_AUTOS = YES_AGGRESSIVE;
				GCC_WARN_UNUSED_FUNCTION = YES;
				GCC_WARN_UNUSED_VARIABLE = YES;
				IPHONEOS_DEPLOYMENT_TARGET = 10.2;
				MTL_ENABLE_DEBUG_INFO = NO;
				SDKROOT = iphoneos;
				SWIFT_OPTIMIZATION_LEVEL = "-Owholemodule";
				VALIDATE_PRODUCT = YES;
			};
			name = Release;
		};
		9979E9971E21740A00D85EA5 /* Debug */ = {
			isa = XCBuildConfiguration;
			baseConfigurationReference = FB4D838917F4683CEA54F483 /* Pods-WeatherAppC4Q.debug.xcconfig */;
			buildSettings = {
				ASSETCATALOG_COMPILER_APPICON_NAME = AppIcon;
				DEVELOPMENT_TEAM = PMK4MEPD4S;
				INFOPLIST_FILE = WeatherAppC4Q/Info.plist;
				LD_RUNPATH_SEARCH_PATHS = "$(inherited) @executable_path/Frameworks";
				PRODUCT_BUNDLE_IDENTIFIER = com.appavenge.WeatherAppC4Q;
				PRODUCT_NAME = "$(TARGET_NAME)";
				SWIFT_VERSION = 3.0;
			};
			name = Debug;
		};
		9979E9981E21740A00D85EA5 /* Release */ = {
			isa = XCBuildConfiguration;
			baseConfigurationReference = 7BDB2C6BACA9BB06BB6E3E48 /* Pods-WeatherAppC4Q.release.xcconfig */;
			buildSettings = {
				ASSETCATALOG_COMPILER_APPICON_NAME = AppIcon;
				DEVELOPMENT_TEAM = PMK4MEPD4S;
				INFOPLIST_FILE = WeatherAppC4Q/Info.plist;
				LD_RUNPATH_SEARCH_PATHS = "$(inherited) @executable_path/Frameworks";
				PRODUCT_BUNDLE_IDENTIFIER = com.appavenge.WeatherAppC4Q;
				PRODUCT_NAME = "$(TARGET_NAME)";
				SWIFT_VERSION = 3.0;
			};
			name = Release;
		};
/* End XCBuildConfiguration section */

/* Begin XCConfigurationList section */
		9979E97F1E21740A00D85EA5 /* Build configuration list for PBXProject "WeatherAppC4Q" */ = {
			isa = XCConfigurationList;
			buildConfigurations = (
				9979E9941E21740A00D85EA5 /* Debug */,
				9979E9951E21740A00D85EA5 /* Release */,
			);
			defaultConfigurationIsVisible = 0;
			defaultConfigurationName = Release;
		};
		9979E9961E21740A00D85EA5 /* Build configuration list for PBXNativeTarget "WeatherAppC4Q" */ = {
			isa = XCConfigurationList;
			buildConfigurations = (
				9979E9971E21740A00D85EA5 /* Debug */,
				9979E9981E21740A00D85EA5 /* Release */,
			);
			defaultConfigurationIsVisible = 0;
			defaultConfigurationName = Release;
		};
/* End XCConfigurationList section */
	};
	rootObject = 9979E97C1E21740A00D85EA5 /* Project object */;
}
